
Microsoft Visual Studio Solution File, Format Version 12.00
# Visual Studio Version 16
VisualStudioVersion = 16.0.29709.97
MinimumVisualStudioVersion = 10.0.40219.1
Project("{8BC9CEB8-8B4A-11D0-8D11-00A0C91BC942}") = "home_work_week4", "home_work_week4\home_work_week4.vcxproj", "{FAC7CCED-ABE1-46EB-8E2A-BFDDDAC2480D}"
EndProject
Global
	GlobalSection(SolutionConfigurationPlatforms) = preSolution
		Debug|x64 = Debug|x64
		Debug|x86 = Debug|x86
		Release|x64 = Release|x64
		Release|x86 = Release|x86
	EndGlobalSection
	GlobalSection(ProjectConfigurationPlatforms) = postSolution
		{FAC7CCED-ABE1-46EB-8E2A-BFDDDAC2480D}.Debug|x64.ActiveCfg = Debug|x64
		{FAC7CCED-ABE1-46EB-8E2A-BFDDDAC2480D}.Debug|x64.Build.0 = Debug|x64
		{FAC7CCED-ABE1-46EB-8E2A-BFDDDAC2480D}.Debug|x86.ActiveCfg = Debug|Win32
		{FAC7CCED-ABE1-46EB-8E2A-BFDDDAC2480D}.Debug|x86.Build.0 = Debug|Win32
		{FAC7CCED-ABE1-46EB-8E2A-BFDDDAC2480D}.Release|x64.ActiveCfg = Release|x64
		{FAC7CCED-ABE1-46EB-8E2A-BFDDDAC2480D}.Release|x64.Build.0 = Release|x64
		{FAC7CCED-ABE1-46EB-8E2A-BFDDDAC2480D}.Release|x86.ActiveCfg = Release|Win32
		{FAC7CCED-ABE1-46EB-8E2A-BFDDDAC2480D}.Release|x86.Build.0 = Release|Win32
	EndGlobalSection
	GlobalSection(SolutionProperties) = preSolution
		HideSolutionNode = FALSE
	EndGlobalSection
	GlobalSection(ExtensibilityGlobals) = postSolution
		SolutionGuid = {3DEF5604-3E98-43EB-86A4-E3B76DBD0A20}
	EndGlobalSection
EndGlobal
